
Microsoft Visual Studio Solution File, Format Version 12.00
# Visual Studio Version 16
VisualStudioVersion = 16.0.30804.86
MinimumVisualStudioVersion = 10.0.40219.1
Project("{9A19103F-16F7-4668-BE54-9A1E7A4F7556}") = "TelRehber", "TelRehber\TelRehber.csproj", "{B483FBA4-B354-4271-807D-AC5BC721FEDB}"
EndProject
Project("{FAE04EC0-301F-11D3-BF4B-00C04F79EFBC}") = "TelRehberTests", "TelRehberTests\TelRehberTests.csproj", "{23F32FDA-FADB-4744-906E-C627C59F9142}"
EndProject
Global
	GlobalSection(SolutionConfigurationPlatforms) = preSolution
		Debug|Any CPU = Debug|Any CPU
		Release|Any CPU = Release|Any CPU
	EndGlobalSection
	GlobalSection(ProjectConfigurationPlatforms) = postSolution
		{B483FBA4-B354-4271-807D-AC5BC721FEDB}.Debug|Any CPU.ActiveCfg = Debug|Any CPU
		{B483FBA4-B354-4271-807D-AC5BC721FEDB}.Debug|Any CPU.Build.0 = Debug|Any CPU
		{B483FBA4-B354-4271-807D-AC5BC721FEDB}.Release|Any CPU.ActiveCfg = Release|Any CPU
		{B483FBA4-B354-4271-807D-AC5BC721FEDB}.Release|Any CPU.Build.0 = Release|Any CPU
		{23F32FDA-FADB-4744-906E-C627C59F9142}.Debug|Any CPU.ActiveCfg = Debug|Any CPU
		{23F32FDA-FADB-4744-906E-C627C59F9142}.Debug|Any CPU.Build.0 = Debug|Any CPU
		{23F32FDA-FADB-4744-906E-C627C59F9142}.Release|Any CPU.ActiveCfg = Release|Any CPU
		{23F32FDA-FADB-4744-906E-C627C59F9142}.Release|Any CPU.Build.0 = Release|Any CPU
	EndGlobalSection
	GlobalSection(SolutionProperties) = preSolution
		HideSolutionNode = FALSE
	EndGlobalSection
	GlobalSection(ExtensibilityGlobals) = postSolution
		SolutionGuid = {9638CA76-AB66-443C-8F9F-8E00F5B2D06D}
	EndGlobalSection
EndGlobal
